// !$*UTF8*$!
{
	archiveVersion = 1;
	classes = {
	};
	objectVersion = 50;
	objects = {

/* Begin PBXBuildFile section */
		39586F592612AAA90011AC62 /* main.swift in Sources */ = {isa = PBXBuildFile; fileRef = 39586F582612AAA90011AC62 /* main.swift */; };
		39586F692612AAF10011AC62 /* Matrix.swift in Sources */ = {isa = PBXBuildFile; fileRef = 39586F622612AAF10011AC62 /* Matrix.swift */; };
		39586F6A2612AAF10011AC62 /* String.swift in Sources */ = {isa = PBXBuildFile; fileRef = 39586F632612AAF10011AC62 /* String.swift */; };
		39586F6B2612AAF10011AC62 /* Heap.swift in Sources */ = {isa = PBXBuildFile; fileRef = 39586F642612AAF10011AC62 /* Heap.swift */; };
		39586F6C2612AAF10011AC62 /* Array.swift in Sources */ = {isa = PBXBuildFile; fileRef = 39586F662612AAF10011AC62 /* Array.swift */; };
		39586F7A2612B3BA0011AC62 /* Heap Solutions.swift in Sources */ = {isa = PBXBuildFile; fileRef = 39586F792612B3BA0011AC62 /* Heap Solutions.swift */; };
/* End PBXBuildFile section */

/* Begin PBXCopyFilesBuildPhase section */
		39586F532612AAA90011AC62 /* CopyFiles */ = {
			isa = PBXCopyFilesBuildPhase;
			buildActionMask = 2147483647;
			dstPath = /usr/share/man/man1/;
			dstSubfolderSpec = 0;
			files = (
			);
			runOnlyForDeploymentPostprocessing = 1;
		};
/* End PBXCopyFilesBuildPhase section */

/* Begin PBXFileReference section */
		39586F552612AAA90011AC62 /* Coding Prep */ = {isa = PBXFileReference; explicitFileType = "compiled.mach-o.executable"; includeInIndex = 0; path = "Coding Prep"; sourceTree = BUILT_PRODUCTS_DIR; };
		39586F582612AAA90011AC62 /* main.swift */ = {isa = PBXFileReference; lastKnownFileType = sourcecode.swift; path = main.swift; sourceTree = "<group>"; };
		39586F622612AAF10011AC62 /* Matrix.swift */ = {isa = PBXFileReference; fileEncoding = 4; lastKnownFileType = sourcecode.swift; path = Matrix.swift; sourceTree = "<group>"; };
		39586F632612AAF10011AC62 /* String.swift */ = {isa = PBXFileReference; fileEncoding = 4; lastKnownFileType = sourcecode.swift; path = String.swift; sourceTree = "<group>"; };
		39586F642612AAF10011AC62 /* Heap.swift */ = {isa = PBXFileReference; fileEncoding = 4; lastKnownFileType = sourcecode.swift; path = Heap.swift; sourceTree = "<group>"; };
		39586F662612AAF10011AC62 /* Array.swift */ = {isa = PBXFileReference; fileEncoding = 4; lastKnownFileType = sourcecode.swift; path = Array.swift; sourceTree = "<group>"; };
		39586F722612AB5F0011AC62 /* BinarySearchTree.notes */ = {isa = PBXFileReference; lastKnownFileType = text; path = BinarySearchTree.notes; sourceTree = "<group>"; };
		39586F732612AB5F0011AC62 /* String-pattern-finding.notes */ = {isa = PBXFileReference; lastKnownFileType = text; path = "String-pattern-finding.notes"; sourceTree = "<group>"; };
		39586F742612AB5F0011AC62 /* CountingSort */ = {isa = PBXFileReference; lastKnownFileType = text; path = CountingSort; sourceTree = "<group>"; };
		39586F752612AB5F0011AC62 /* Matrix.notes */ = {isa = PBXFileReference; lastKnownFileType = text; path = Matrix.notes; sourceTree = "<group>"; };
		39586F762612AB5F0011AC62 /* P-NP.notes */ = {isa = PBXFileReference; lastKnownFileType = text; path = "P-NP.notes"; sourceTree = "<group>"; };
		39586F792612B3BA0011AC62 /* Heap Solutions.swift */ = {isa = PBXFileReference; lastKnownFileType = sourcecode.swift; path = "Heap Solutions.swift"; sourceTree = "<group>"; };
/* End PBXFileReference section */

/* Begin PBXFrameworksBuildPhase section */
		39586F522612AAA90011AC62 /* Frameworks */ = {
			isa = PBXFrameworksBuildPhase;
			buildActionMask = 2147483647;
			files = (
			);
			runOnlyForDeploymentPostprocessing = 0;
		};
/* End PBXFrameworksBuildPhase section */

/* Begin PBXGroup section */
		39586F4C2612AAA90011AC62 = {
			isa = PBXGroup;
			children = (
				39586F572612AAA90011AC62 /* Coding Prep */,
				39586F562612AAA90011AC62 /* Products */,
			);
			sourceTree = "<group>";
		};
		39586F562612AAA90011AC62 /* Products */ = {
			isa = PBXGroup;
			children = (
				39586F552612AAA90011AC62 /* Coding Prep */,
			);
			name = Products;
			sourceTree = "<group>";
		};
		39586F572612AAA90011AC62 /* Coding Prep */ = {
			isa = PBXGroup;
			children = (
				39586F582612AAA90011AC62 /* main.swift */,
				39586F612612AAF10011AC62 /* DS */,
				39586F652612AAF10011AC62 /* Algorithms */,
				39586F712612AB5F0011AC62 /* Notes */,
				39586F782612B3A50011AC62 /* Solutions */,
			);
			path = "Coding Prep";
			sourceTree = "<group>";
		};
		39586F612612AAF10011AC62 /* DS */ = {
			isa = PBXGroup;
			children = (
				39586F622612AAF10011AC62 /* Matrix.swift */,
				39586F632612AAF10011AC62 /* String.swift */,
				39586F642612AAF10011AC62 /* Heap.swift */,
			);
			path = DS;
			sourceTree = "<group>";
		};
		39586F652612AAF10011AC62 /* Algorithms */ = {
			isa = PBXGroup;
			children = (
				39586F662612AAF10011AC62 /* Array.swift */,
			);
			path = Algorithms;
			sourceTree = "<group>";
		};
		39586F712612AB5F0011AC62 /* Notes */ = {
			isa = PBXGroup;
			children = (
				39586F722612AB5F0011AC62 /* BinarySearchTree.notes */,
				39586F732612AB5F0011AC62 /* String-pattern-finding.notes */,
				39586F742612AB5F0011AC62 /* CountingSort */,
				39586F752612AB5F0011AC62 /* Matrix.notes */,
				39586F762612AB5F0011AC62 /* P-NP.notes */,
			);
			path = Notes;
			sourceTree = "<group>";
		};
		39586F782612B3A50011AC62 /* Solutions */ = {
			isa = PBXGroup;
			children = (
				39586F792612B3BA0011AC62 /* Heap Solutions.swift */,
			);
			path = Solutions;
			sourceTree = "<group>";
		};
/* End PBXGroup section */

/* Begin PBXNativeTarget section */
		39586F542612AAA90011AC62 /* Coding Prep */ = {
			isa = PBXNativeTarget;
			buildConfigurationList = 39586F5C2612AAA90011AC62 /* Build configuration list for PBXNativeTarget "Coding Prep" */;
			buildPhases = (
				39586F512612AAA90011AC62 /* Sources */,
				39586F522612AAA90011AC62 /* Frameworks */,
				39586F532612AAA90011AC62 /* CopyFiles */,
			);
			buildRules = (
			);
			dependencies = (
			);
			name = "Coding Prep";
			productName = "Coding Prep";
			productReference = 39586F552612AAA90011AC62 /* Coding Prep */;
			productType = "com.apple.product-type.tool";
		};
/* End PBXNativeTarget section */

/* Begin PBXProject section */
		39586F4D2612AAA90011AC62 /* Project object */ = {
			isa = PBXProject;
			attributes = {
				LastSwiftUpdateCheck = 1240;
				LastUpgradeCheck = 1240;
				TargetAttributes = {
					39586F542612AAA90011AC62 = {
						CreatedOnToolsVersion = 12.4;
					};
				};
			};
			buildConfigurationList = 39586F502612AAA90011AC62 /* Build configuration list for PBXProject "Coding Prep" */;
			compatibilityVersion = "Xcode 9.3";
			developmentRegion = en;
			hasScannedForEncodings = 0;
			knownRegions = (
				en,
				Base,
			);
			mainGroup = 39586F4C2612AAA90011AC62;
			productRefGroup = 39586F562612AAA90011AC62 /* Products */;
			projectDirPath = "";
			projectRoot = "";
			targets = (
				39586F542612AAA90011AC62 /* Coding Prep */,
			);
		};
/* End PBXProject section */

/* Begin PBXSourcesBuildPhase section */
		39586F512612AAA90011AC62 /* Sources */ = {
			isa = PBXSourcesBuildPhase;
			buildActionMask = 2147483647;
			files = (
				39586F6A2612AAF10011AC62 /* String.swift in Sources */,
				39586F6C2612AAF10011AC62 /* Array.swift in Sources */,
				39586F692612AAF10011AC62 /* Matrix.swift in Sources */,
				39586F7A2612B3BA0011AC62 /* Heap Solutions.swift in Sources */,
				39586F592612AAA90011AC62 /* main.swift in Sources */,
				39586F6B2612AAF10011AC62 /* Heap.swift in Sources */,
			);
			runOnlyForDeploymentPostprocessing = 0;
		};
/* End PBXSourcesBuildPhase section */

/* Begin XCBuildConfiguration section */
		39586F5A2612AAA90011AC62 /* Debug */ = {
			isa = XCBuildConfiguration;
			buildSettings = {
				ALWAYS_SEARCH_USER_PATHS = NO;
				CLANG_ANALYZER_NONNULL = YES;
				CLANG_ANALYZER_NUMBER_OBJECT_CONVERSION = YES_AGGRESSIVE;
				CLANG_CXX_LANGUAGE_STANDARD = "gnu++14";
				CLANG_CXX_LIBRARY = "libc++";
				CLANG_ENABLE_MODULES = YES;
				CLANG_ENABLE_OBJC_ARC = YES;
				CLANG_ENABLE_OBJC_WEAK = YES;
				CLANG_WARN_BLOCK_CAPTURE_AUTORELEASING = YES;
				CLANG_WARN_BOOL_CONVERSION = YES;
				CLANG_WARN_COMMA = YES;
				CLANG_WARN_CONSTANT_CONVERSION = YES;
				CLANG_WARN_DEPRECATED_OBJC_IMPLEMENTATIONS = YES;
				CLANG_WARN_DIRECT_OBJC_ISA_USAGE = YES_ERROR;
				CLANG_WARN_DOCUMENTATION_COMMENTS = YES;
				CLANG_WARN_EMPTY_BODY = YES;
				CLANG_WARN_ENUM_CONVERSION = YES;
				CLANG_WARN_INFINITE_RECURSION = YES;
				CLANG_WARN_INT_CONVERSION = YES;
				CLANG_WARN_NON_LITERAL_NULL_CONVERSION = YES;
				CLANG_WARN_OBJC_IMPLICIT_RETAIN_SELF = YES;
				CLANG_WARN_OBJC_LITERAL_CONVERSION = YES;
				CLANG_WARN_OBJC_ROOT_CLASS = YES_ERROR;
				CLANG_WARN_QUOTED_INCLUDE_IN_FRAMEWORK_HEADER = YES;
				CLANG_WARN_RANGE_LOOP_ANALYSIS = YES;
				CLANG_WARN_STRICT_PROTOTYPES = YES;
				CLANG_WARN_SUSPICIOUS_MOVE = YES;
				CLANG_WARN_UNGUARDED_AVAILABILITY = YES_AGGRESSIVE;
				CLANG_WARN_UNREACHABLE_CODE = YES;
				CLANG_WARN__DUPLICATE_METHOD_MATCH = YES;
				COPY_PHASE_STRIP = NO;
				DEBUG_INFORMATION_FORMAT = dwarf;
				ENABLE_STRICT_OBJC_MSGSEND = YES;
				ENABLE_TESTABILITY = YES;
				GCC_C_LANGUAGE_STANDARD = gnu11;
				GCC_DYNAMIC_NO_PIC = NO;
				GCC_NO_COMMON_BLOCKS = YES;
				GCC_OPTIMIZATION_LEVEL = 0;
				GCC_PREPROCESSOR_DEFINITIONS = (
					"DEBUG=1",
					"$(inherited)",
				);
				GCC_WARN_64_TO_32_BIT_CONVERSION = YES;
				GCC_WARN_ABOUT_RETURN_TYPE = YES_ERROR;
				GCC_WARN_UNDECLARED_SELECTOR = YES;
				GCC_WARN_UNINITIALIZED_AUTOS = YES_AGGRESSIVE;
				GCC_WARN_UNUSED_FUNCTION = YES;
				GCC_WARN_UNUSED_VARIABLE = YES;
				MACOSX_DEPLOYMENT_TARGET = 11.1;
				MTL_ENABLE_DEBUG_INFO = INCLUDE_SOURCE;
				MTL_FAST_MATH = YES;
				ONLY_ACTIVE_ARCH = YES;
				SDKROOT = macosx;
				SWIFT_ACTIVE_COMPILATION_CONDITIONS = DEBUG;
				SWIFT_OPTIMIZATION_LEVEL = "-Onone";
			};
			name = Debug;
		};
		39586F5B2612AAA90011AC62 /* Release */ = {
			isa = XCBuildConfiguration;
			buildSettings = {
				ALWAYS_SEARCH_USER_PATHS = NO;
				CLANG_ANALYZER_NONNULL = YES;
				CLANG_ANALYZER_NUMBER_OBJECT_CONVERSION = YES_AGGRESSIVE;
				CLANG_CXX_LANGUAGE_STANDARD = "gnu++14";
				CLANG_CXX_LIBRARY = "libc++";
				CLANG_ENABLE_MODULES = YES;
				CLANG_ENABLE_OBJC_ARC = YES;
				CLANG_ENABLE_OBJC_WEAK = YES;
				CLANG_WARN_BLOCK_CAPTURE_AUTORELEASING = YES;
				CLANG_WARN_BOOL_CONVERSION = YES;
				CLANG_WARN_COMMA = YES;
				CLANG_WARN_CONSTANT_CONVERSION = YES;
				CLANG_WARN_DEPRECATED_OBJC_IMPLEMENTATIONS = YES;
				CLANG_WARN_DIRECT_OBJC_ISA_USAGE = YES_ERROR;
				CLANG_WARN_DOCUMENTATION_COMMENTS = YES;
				CLANG_WARN_EMPTY_BODY = YES;
				CLANG_WARN_ENUM_CONVERSION = YES;
				CLANG_WARN_INFINITE_RECURSION = YES;
				CLANG_WARN_INT_CONVERSION = YES;
				CLANG_WARN_NON_LITERAL_NULL_CONVERSION = YES;
				CLANG_WARN_OBJC_IMPLICIT_RETAIN_SELF = YES;
				CLANG_WARN_OBJC_LITERAL_CONVERSION = YES;
				CLANG_WARN_OBJC_ROOT_CLASS = YES_ERROR;
				CLANG_WARN_QUOTED_INCLUDE_IN_FRAMEWORK_HEADER = YES;
				CLANG_WARN_RANGE_LOOP_ANALYSIS = YES;
				CLANG_WARN_STRICT_PROTOTYPES = YES;
				CLANG_WARN_SUSPICIOUS_MOVE = YES;
				CLANG_WARN_UNGUARDED_AVAILABILITY = YES_AGGRESSIVE;
				CLANG_WARN_UNREACHABLE_CODE = YES;
				CLANG_WARN__DUPLICATE_METHOD_MATCH = YES;
				COPY_PHASE_STRIP = NO;
				DEBUG_INFORMATION_FORMAT = "dwarf-with-dsym";
				ENABLE_NS_ASSERTIONS = NO;
				ENABLE_STRICT_OBJC_MSGSEND = YES;
				GCC_C_LANGUAGE_STANDARD = gnu11;
				GCC_NO_COMMON_BLOCKS = YES;
				GCC_WARN_64_TO_32_BIT_CONVERSION = YES;
				GCC_WARN_ABOUT_RETURN_TYPE = YES_ERROR;
				GCC_WARN_UNDECLARED_SELECTOR = YES;
				GCC_WARN_UNINITIALIZED_AUTOS = YES_AGGRESSIVE;
				GCC_WARN_UNUSED_FUNCTION = YES;
				GCC_WARN_UNUSED_VARIABLE = YES;
				MACOSX_DEPLOYMENT_TARGET = 11.1;
				MTL_ENABLE_DEBUG_INFO = NO;
				MTL_FAST_MATH = YES;
				SDKROOT = macosx;
				SWIFT_COMPILATION_MODE = wholemodule;
				SWIFT_OPTIMIZATION_LEVEL = "-O";
			};
			name = Release;
		};
		39586F5D2612AAA90011AC62 /* Debug */ = {
			isa = XCBuildConfiguration;
			buildSettings = {
				CODE_SIGN_STYLE = Automatic;
				DEVELOPMENT_TEAM = MQ388CB87M;
				ENABLE_HARDENED_RUNTIME = YES;
				PRODUCT_NAME = "$(TARGET_NAME)";
				SWIFT_VERSION = 5.0;
			};
			name = Debug;
		};
		39586F5E2612AAA90011AC62 /* Release */ = {
			isa = XCBuildConfiguration;
			buildSettings = {
				CODE_SIGN_STYLE = Automatic;
				DEVELOPMENT_TEAM = MQ388CB87M;
				ENABLE_HARDENED_RUNTIME = YES;
				PRODUCT_NAME = "$(TARGET_NAME)";
				SWIFT_VERSION = 5.0;
			};
			name = Release;
		};
/* End XCBuildConfiguration section */

/* Begin XCConfigurationList section */
		39586F502612AAA90011AC62 /* Build configuration list for PBXProject "Coding Prep" */ = {
			isa = XCConfigurationList;
			buildConfigurations = (
				39586F5A2612AAA90011AC62 /* Debug */,
				39586F5B2612AAA90011AC62 /* Release */,
			);
			defaultConfigurationIsVisible = 0;
			defaultConfigurationName = Release;
		};
		39586F5C2612AAA90011AC62 /* Build configuration list for PBXNativeTarget "Coding Prep" */ = {
			isa = XCConfigurationList;
			buildConfigurations = (
				39586F5D2612AAA90011AC62 /* Debug */,
				39586F5E2612AAA90011AC62 /* Release */,
			);
			defaultConfigurationIsVisible = 0;
			defaultConfigurationName = Release;
		};
/* End XCConfigurationList section */
	};
	rootObject = 39586F4D2612AAA90011AC62 /* Project object */;
}
